
Microsoft Visual Studio Solution File, Format Version 12.00
# Visual Studio 15
VisualStudioVersion = 15.0.28307.168
MinimumVisualStudioVersion = 10.0.40219.1
Project("{FAE04EC0-301F-11D3-BF4B-00C04F79EFBC}") = "LINQarrays", "LINQarrays\LINQarrays.csproj", "{5DDC62AB-2FDF-404E-A594-B19FAC81E861}"
EndProject
Global
	GlobalSection(SolutionConfigurationPlatforms) = preSolution
		Debug|Any CPU = Debug|Any CPU
		Release|Any CPU = Release|Any CPU
	EndGlobalSection
	GlobalSection(ProjectConfigurationPlatforms) = postSolution
		{5DDC62AB-2FDF-404E-A594-B19FAC81E861}.Debug|Any CPU.ActiveCfg = Debug|Any CPU
		{5DDC62AB-2FDF-404E-A594-B19FAC81E861}.Debug|Any CPU.Build.0 = Debug|Any CPU
		{5DDC62AB-2FDF-404E-A594-B19FAC81E861}.Release|Any CPU.ActiveCfg = Release|Any CPU
		{5DDC62AB-2FDF-404E-A594-B19FAC81E861}.Release|Any CPU.Build.0 = Release|Any CPU
	EndGlobalSection
	GlobalSection(SolutionProperties) = preSolution
		HideSolutionNode = FALSE
	EndGlobalSection
	GlobalSection(ExtensibilityGlobals) = postSolution
		SolutionGuid = {730253C8-C4AA-4375-8F27-10B83612FC36}
	EndGlobalSection
EndGlobal
