
Microsoft Visual Studio Solution File, Format Version 12.00
# Visual Studio 15
VisualStudioVersion = 15.0.28307.168
MinimumVisualStudioVersion = 10.0.40219.1
Project("{FAE04EC0-301F-11D3-BF4B-00C04F79EFBC}") = "WpfDataBase", "WpfDataBase\WpfDataBase.csproj", "{18B819C3-2D45-47D7-BE33-7682C041CE94}"
EndProject
Global
	GlobalSection(SolutionConfigurationPlatforms) = preSolution
		Debug|Any CPU = Debug|Any CPU
		Release|Any CPU = Release|Any CPU
	EndGlobalSection
	GlobalSection(ProjectConfigurationPlatforms) = postSolution
		{18B819C3-2D45-47D7-BE33-7682C041CE94}.Debug|Any CPU.ActiveCfg = Debug|Any CPU
		{18B819C3-2D45-47D7-BE33-7682C041CE94}.Debug|Any CPU.Build.0 = Debug|Any CPU
		{18B819C3-2D45-47D7-BE33-7682C041CE94}.Release|Any CPU.ActiveCfg = Release|Any CPU
		{18B819C3-2D45-47D7-BE33-7682C041CE94}.Release|Any CPU.Build.0 = Release|Any CPU
	EndGlobalSection
	GlobalSection(SolutionProperties) = preSolution
		HideSolutionNode = FALSE
	EndGlobalSection
	GlobalSection(ExtensibilityGlobals) = postSolution
		SolutionGuid = {A6B64C77-6D54-4A80-B54C-3E0686C081A3}
	EndGlobalSection
EndGlobal
